// !$*UTF8*$!
{
	archiveVersion = 1;
	classes = {
	};
	objectVersion = 48;
	objects = {

/* Begin PBXBuildFile section */
		836608A21F6F5E75005FCBCC /* AVFoundation.framework in Frameworks */ = {isa = PBXBuildFile; fileRef = 836608A11F6F5E75005FCBCC /* AVFoundation.framework */; };
		836608A31F6F6567005FCBCC /* cardflip.wav in Resources */ = {isa = PBXBuildFile; fileRef = 8366089C1F6F5E3B005FCBCC /* cardflip.wav */; };
		836608A41F6F656B005FCBCC /* dingcorrect.wav in Resources */ = {isa = PBXBuildFile; fileRef = 8366089E1F6F5E3B005FCBCC /* dingcorrect.wav */; };
		836608A51F6F656E005FCBCC /* dingwrong.wav in Resources */ = {isa = PBXBuildFile; fileRef = 8366089D1F6F5E3B005FCBCC /* dingwrong.wav */; };
		836608A61F6F6570005FCBCC /* shuffle.wav in Resources */ = {isa = PBXBuildFile; fileRef = 8366089F1F6F5E3B005FCBCC /* shuffle.wav */; };
		83ED90301F6CA02B00EF58AC /* AppDelegate.swift in Sources */ = {isa = PBXBuildFile; fileRef = 83ED902F1F6CA02B00EF58AC /* AppDelegate.swift */; };
		83ED90321F6CA02B00EF58AC /* ViewController.swift in Sources */ = {isa = PBXBuildFile; fileRef = 83ED90311F6CA02B00EF58AC /* ViewController.swift */; };
		83ED90351F6CA02B00EF58AC /* Main.storyboard in Resources */ = {isa = PBXBuildFile; fileRef = 83ED90331F6CA02B00EF58AC /* Main.storyboard */; };
		83ED90371F6CA02B00EF58AC /* Assets.xcassets in Resources */ = {isa = PBXBuildFile; fileRef = 83ED90361F6CA02B00EF58AC /* Assets.xcassets */; };
		83ED903A1F6CA02B00EF58AC /* LaunchScreen.storyboard in Resources */ = {isa = PBXBuildFile; fileRef = 83ED90381F6CA02B00EF58AC /* LaunchScreen.storyboard */; };
		83ED90421F6CA21D00EF58AC /* Card.swift in Sources */ = {isa = PBXBuildFile; fileRef = 83ED90411F6CA21D00EF58AC /* Card.swift */; };
		83ED90441F6CA24900EF58AC /* CardModel.swift in Sources */ = {isa = PBXBuildFile; fileRef = 83ED90431F6CA24900EF58AC /* CardModel.swift */; };
/* End PBXBuildFile section */

/* Begin PBXFileReference section */
		8366089C1F6F5E3B005FCBCC /* cardflip.wav */ = {isa = PBXFileReference; lastKnownFileType = audio.wav; path = cardflip.wav; sourceTree = "<group>"; };
		8366089D1F6F5E3B005FCBCC /* dingwrong.wav */ = {isa = PBXFileReference; lastKnownFileType = audio.wav; path = dingwrong.wav; sourceTree = "<group>"; };
		8366089E1F6F5E3B005FCBCC /* dingcorrect.wav */ = {isa = PBXFileReference; lastKnownFileType = audio.wav; path = dingcorrect.wav; sourceTree = "<group>"; };
		8366089F1F6F5E3B005FCBCC /* shuffle.wav */ = {isa = PBXFileReference; lastKnownFileType = audio.wav; path = shuffle.wav; sourceTree = "<group>"; };
		836608A11F6F5E75005FCBCC /* AVFoundation.framework */ = {isa = PBXFileReference; lastKnownFileType = wrapper.framework; name = AVFoundation.framework; path = System/Library/Frameworks/AVFoundation.framework; sourceTree = SDKROOT; };
		83ED902C1F6CA02B00EF58AC /* Match.app */ = {isa = PBXFileReference; explicitFileType = wrapper.application; includeInIndex = 0; path = Match.app; sourceTree = BUILT_PRODUCTS_DIR; };
		83ED902F1F6CA02B00EF58AC /* AppDelegate.swift */ = {isa = PBXFileReference; lastKnownFileType = sourcecode.swift; path = AppDelegate.swift; sourceTree = "<group>"; };
		83ED90311F6CA02B00EF58AC /* ViewController.swift */ = {isa = PBXFileReference; lastKnownFileType = sourcecode.swift; path = ViewController.swift; sourceTree = "<group>"; };
		83ED90341F6CA02B00EF58AC /* Base */ = {isa = PBXFileReference; lastKnownFileType = file.storyboard; name = Base; path = Base.lproj/Main.storyboard; sourceTree = "<group>"; };
		83ED90361F6CA02B00EF58AC /* Assets.xcassets */ = {isa = PBXFileReference; lastKnownFileType = folder.assetcatalog; path = Assets.xcassets; sourceTree = "<group>"; };
		83ED90391F6CA02B00EF58AC /* Base */ = {isa = PBXFileReference; lastKnownFileType = file.storyboard; name = Base; path = Base.lproj/LaunchScreen.storyboard; sourceTree = "<group>"; };
		83ED903B1F6CA02B00EF58AC /* Info.plist */ = {isa = PBXFileReference; lastKnownFileType = text.plist.xml; path = Info.plist; sourceTree = "<group>"; };
		83ED90411F6CA21D00EF58AC /* Card.swift */ = {isa = PBXFileReference; lastKnownFileType = sourcecode.swift; path = Card.swift; sourceTree = "<group>"; };
		83ED90431F6CA24900EF58AC /* CardModel.swift */ = {isa = PBXFileReference; lastKnownFileType = sourcecode.swift; path = CardModel.swift; sourceTree = "<group>"; };
/* End PBXFileReference section */

/* Begin PBXFrameworksBuildPhase section */
		83ED90291F6CA02B00EF58AC /* Frameworks */ = {
			isa = PBXFrameworksBuildPhase;
			buildActionMask = 2147483647;
			files = (
				836608A21F6F5E75005FCBCC /* AVFoundation.framework in Frameworks */,
			);
			runOnlyForDeploymentPostprocessing = 0;
		};
/* End PBXFrameworksBuildPhase section */

/* Begin PBXGroup section */
		8366089B1F6F5DD9005FCBCC /* sounds */ = {
			isa = PBXGroup;
			children = (
				8366089C1F6F5E3B005FCBCC /* cardflip.wav */,
				8366089E1F6F5E3B005FCBCC /* dingcorrect.wav */,
				8366089D1F6F5E3B005FCBCC /* dingwrong.wav */,
				8366089F1F6F5E3B005FCBCC /* shuffle.wav */,
			);
			path = sounds;
			sourceTree = "<group>";
		};
		836608A01F6F5E75005FCBCC /* Frameworks */ = {
			isa = PBXGroup;
			children = (
				836608A11F6F5E75005FCBCC /* AVFoundation.framework */,
			);
			name = Frameworks;
			sourceTree = "<group>";
		};
		83ED90231F6CA02B00EF58AC = {
			isa = PBXGroup;
			children = (
				83ED902E1F6CA02B00EF58AC /* Match */,
				83ED902D1F6CA02B00EF58AC /* Products */,
				836608A01F6F5E75005FCBCC /* Frameworks */,
			);
			sourceTree = "<group>";
		};
		83ED902D1F6CA02B00EF58AC /* Products */ = {
			isa = PBXGroup;
			children = (
				83ED902C1F6CA02B00EF58AC /* Match.app */,
			);
			name = Products;
			sourceTree = "<group>";
		};
		83ED902E1F6CA02B00EF58AC /* Match */ = {
			isa = PBXGroup;
			children = (
				8366089B1F6F5DD9005FCBCC /* sounds */,
				83ED902F1F6CA02B00EF58AC /* AppDelegate.swift */,
				83ED90411F6CA21D00EF58AC /* Card.swift */,
				83ED90431F6CA24900EF58AC /* CardModel.swift */,
				83ED90311F6CA02B00EF58AC /* ViewController.swift */,
				83ED90331F6CA02B00EF58AC /* Main.storyboard */,
				83ED90361F6CA02B00EF58AC /* Assets.xcassets */,
				83ED90381F6CA02B00EF58AC /* LaunchScreen.storyboard */,
				83ED903B1F6CA02B00EF58AC /* Info.plist */,
			);
			path = Match;
			sourceTree = "<group>";
		};
/* End PBXGroup section */

/* Begin PBXNativeTarget section */
		83ED902B1F6CA02B00EF58AC /* Match */ = {
			isa = PBXNativeTarget;
			buildConfigurationList = 83ED903E1F6CA02B00EF58AC /* Build configuration list for PBXNativeTarget "Match" */;
			buildPhases = (
				83ED90281F6CA02B00EF58AC /* Sources */,
				83ED90291F6CA02B00EF58AC /* Frameworks */,
				83ED902A1F6CA02B00EF58AC /* Resources */,
			);
			buildRules = (
			);
			dependencies = (
			);
			name = Match;
			productName = Match;
			productReference = 83ED902C1F6CA02B00EF58AC /* Match.app */;
			productType = "com.apple.product-type.application";
		};
/* End PBXNativeTarget section */

/* Begin PBXProject section */
		83ED90241F6CA02B00EF58AC /* Project object */ = {
			isa = PBXProject;
			attributes = {
				LastSwiftUpdateCheck = 0900;
				LastUpgradeCheck = 0900;
				ORGANIZATIONNAME = "kuronuma studios";
				TargetAttributes = {
					83ED902B1F6CA02B00EF58AC = {
						CreatedOnToolsVersion = 9.0;
						ProvisioningStyle = Automatic;
					};
				};
			};
			buildConfigurationList = 83ED90271F6CA02B00EF58AC /* Build configuration list for PBXProject "Match" */;
			compatibilityVersion = "Xcode 8.0";
			developmentRegion = en;
			hasScannedForEncodings = 0;
			knownRegions = (
				en,
				Base,
			);
			mainGroup = 83ED90231F6CA02B00EF58AC;
			productRefGroup = 83ED902D1F6CA02B00EF58AC /* Products */;
			projectDirPath = "";
			projectRoot = "";
			targets = (
				83ED902B1F6CA02B00EF58AC /* Match */,
			);
		};
/* End PBXProject section */

/* Begin PBXResourcesBuildPhase section */
		83ED902A1F6CA02B00EF58AC /* Resources */ = {
			isa = PBXResourcesBuildPhase;
			buildActionMask = 2147483647;
			files = (
				836608A61F6F6570005FCBCC /* shuffle.wav in Resources */,
				836608A51F6F656E005FCBCC /* dingwrong.wav in Resources */,
				836608A41F6F656B005FCBCC /* dingcorrect.wav in Resources */,
				836608A31F6F6567005FCBCC /* cardflip.wav in Resources */,
				83ED903A1F6CA02B00EF58AC /* LaunchScreen.storyboard in Resources */,
				83ED90371F6CA02B00EF58AC /* Assets.xcassets in Resources */,
				83ED90351F6CA02B00EF58AC /* Main.storyboard in Resources */,
			);
			runOnlyForDeploymentPostprocessing = 0;
		};
/* End PBXResourcesBuildPhase section */

/* Begin PBXSourcesBuildPhase section */
		83ED90281F6CA02B00EF58AC /* Sources */ = {
			isa = PBXSourcesBuildPhase;
			buildActionMask = 2147483647;
			files = (
				83ED90321F6CA02B00EF58AC /* ViewController.swift in Sources */,
				83ED90441F6CA24900EF58AC /* CardModel.swift in Sources */,
				83ED90421F6CA21D00EF58AC /* Card.swift in Sources */,
				83ED90301F6CA02B00EF58AC /* AppDelegate.swift in Sources */,
			);
			runOnlyForDeploymentPostprocessing = 0;
		};
/* End PBXSourcesBuildPhase section */

/* Begin PBXVariantGroup section */
		83ED90331F6CA02B00EF58AC /* Main.storyboard */ = {
			isa = PBXVariantGroup;
			children = (
				83ED90341F6CA02B00EF58AC /* Base */,
			);
			name = Main.storyboard;
			sourceTree = "<group>";
		};
		83ED90381F6CA02B00EF58AC /* LaunchScreen.storyboard */ = {
			isa = PBXVariantGroup;
			children = (
				83ED90391F6CA02B00EF58AC /* Base */,
			);
			name = LaunchScreen.storyboard;
			sourceTree = "<group>";
		};
/* End PBXVariantGroup section */

/* Begin XCBuildConfiguration section */
		83ED903C1F6CA02B00EF58AC /* Debug */ = {
			isa = XCBuildConfiguration;
			buildSettings = {
				ALWAYS_SEARCH_USER_PATHS = NO;
				CLANG_ANALYZER_NONNULL = YES;
				CLANG_ANALYZER_NUMBER_OBJECT_CONVERSION = YES_AGGRESSIVE;
				CLANG_CXX_LANGUAGE_STANDARD = "gnu++14";
				CLANG_CXX_LIBRARY = "libc++";
				CLANG_ENABLE_MODULES = YES;
				CLANG_ENABLE_OBJC_ARC = YES;
				CLANG_WARN_BLOCK_CAPTURE_AUTORELEASING = YES;
				CLANG_WARN_BOOL_CONVERSION = YES;
				CLANG_WARN_COMMA = YES;
				CLANG_WARN_CONSTANT_CONVERSION = YES;
				CLANG_WARN_DIRECT_OBJC_ISA_USAGE = YES_ERROR;
				CLANG_WARN_DOCUMENTATION_COMMENTS = YES;
				CLANG_WARN_EMPTY_BODY = YES;
				CLANG_WARN_ENUM_CONVERSION = YES;
				CLANG_WARN_INFINITE_RECURSION = YES;
				CLANG_WARN_INT_CONVERSION = YES;
				CLANG_WARN_NON_LITERAL_NULL_CONVERSION = YES;
				CLANG_WARN_OBJC_LITERAL_CONVERSION = YES;
				CLANG_WARN_OBJC_ROOT_CLASS = YES_ERROR;
				CLANG_WARN_RANGE_LOOP_ANALYSIS = YES;
				CLANG_WARN_STRICT_PROTOTYPES = YES;
				CLANG_WARN_SUSPICIOUS_MOVE = YES;
				CLANG_WARN_UNGUARDED_AVAILABILITY = YES_AGGRESSIVE;
				CLANG_WARN_UNREACHABLE_CODE = YES;
				CLANG_WARN__DUPLICATE_METHOD_MATCH = YES;
				CODE_SIGN_IDENTITY = "iPhone Developer";
				COPY_PHASE_STRIP = NO;
				DEBUG_INFORMATION_FORMAT = dwarf;
				ENABLE_STRICT_OBJC_MSGSEND = YES;
				ENABLE_TESTABILITY = YES;
				GCC_C_LANGUAGE_STANDARD = gnu11;
				GCC_DYNAMIC_NO_PIC = NO;
				GCC_NO_COMMON_BLOCKS = YES;
				GCC_OPTIMIZATION_LEVEL = 0;
				GCC_PREPROCESSOR_DEFINITIONS = (
					"DEBUG=1",
					"$(inherited)",
				);
				GCC_WARN_64_TO_32_BIT_CONVERSION = YES;
				GCC_WARN_ABOUT_RETURN_TYPE = YES_ERROR;
				GCC_WARN_UNDECLARED_SELECTOR = YES;
				GCC_WARN_UNINITIALIZED_AUTOS = YES_AGGRESSIVE;
				GCC_WARN_UNUSED_FUNCTION = YES;
				GCC_WARN_UNUSED_VARIABLE = YES;
				IPHONEOS_DEPLOYMENT_TARGET = 11.0;
				MTL_ENABLE_DEBUG_INFO = YES;
				ONLY_ACTIVE_ARCH = YES;
				SDKROOT = iphoneos;
				SWIFT_ACTIVE_COMPILATION_CONDITIONS = DEBUG;
				SWIFT_OPTIMIZATION_LEVEL = "-Onone";
			};
			name = Debug;
		};
		83ED903D1F6CA02B00EF58AC /* Release */ = {
			isa = XCBuildConfiguration;
			buildSettings = {
				ALWAYS_SEARCH_USER_PATHS = NO;
				CLANG_ANALYZER_NONNULL = YES;
				CLANG_ANALYZER_NUMBER_OBJECT_CONVERSION = YES_AGGRESSIVE;
				CLANG_CXX_LANGUAGE_STANDARD = "gnu++14";
				CLANG_CXX_LIBRARY = "libc++";
				CLANG_ENABLE_MODULES = YES;
				CLANG_ENABLE_OBJC_ARC = YES;
				CLANG_WARN_BLOCK_CAPTURE_AUTORELEASING = YES;
				CLANG_WARN_BOOL_CONVERSION = YES;
				CLANG_WARN_COMMA = YES;
				CLANG_WARN_CONSTANT_CONVERSION = YES;
				CLANG_WARN_DIRECT_OBJC_ISA_USAGE = YES_ERROR;
				CLANG_WARN_DOCUMENTATION_COMMENTS = YES;
				CLANG_WARN_EMPTY_BODY = YES;
				CLANG_WARN_ENUM_CONVERSION = YES;
				CLANG_WARN_INFINITE_RECURSION = YES;
				CLANG_WARN_INT_CONVERSION = YES;
				CLANG_WARN_NON_LITERAL_NULL_CONVERSION = YES;
				CLANG_WARN_OBJC_LITERAL_CONVERSION = YES;
				CLANG_WARN_OBJC_ROOT_CLASS = YES_ERROR;
				CLANG_WARN_RANGE_LOOP_ANALYSIS = YES;
				CLANG_WARN_STRICT_PROTOTYPES = YES;
				CLANG_WARN_SUSPICIOUS_MOVE = YES;
				CLANG_WARN_UNGUARDED_AVAILABILITY = YES_AGGRESSIVE;
				CLANG_WARN_UNREACHABLE_CODE = YES;
				CLANG_WARN__DUPLICATE_METHOD_MATCH = YES;
				CODE_SIGN_IDENTITY = "iPhone Developer";
				COPY_PHASE_STRIP = NO;
				DEBUG_INFORMATION_FORMAT = "dwarf-with-dsym";
				ENABLE_NS_ASSERTIONS = NO;
				ENABLE_STRICT_OBJC_MSGSEND = YES;
				GCC_C_LANGUAGE_STANDARD = gnu11;
				GCC_NO_COMMON_BLOCKS = YES;
				GCC_WARN_64_TO_32_BIT_CONVERSION = YES;
				GCC_WARN_ABOUT_RETURN_TYPE = YES_ERROR;
				GCC_WARN_UNDECLARED_SELECTOR = YES;
				GCC_WARN_UNINITIALIZED_AUTOS = YES_AGGRESSIVE;
				GCC_WARN_UNUSED_FUNCTION = YES;
				GCC_WARN_UNUSED_VARIABLE = YES;
				IPHONEOS_DEPLOYMENT_TARGET = 11.0;
				MTL_ENABLE_DEBUG_INFO = NO;
				SDKROOT = iphoneos;
				SWIFT_OPTIMIZATION_LEVEL = "-Owholemodule";
				VALIDATE_PRODUCT = YES;
			};
			name = Release;
		};
		83ED903F1F6CA02B00EF58AC /* Debug */ = {
			isa = XCBuildConfiguration;
			buildSettings = {
				ASSETCATALOG_COMPILER_APPICON_NAME = AppIcon;
				CODE_SIGN_STYLE = Automatic;
				DEVELOPMENT_TEAM = Q5VP47U88X;
				INFOPLIST_FILE = Match/Info.plist;
				LD_RUNPATH_SEARCH_PATHS = "$(inherited) @executable_path/Frameworks";
				PRODUCT_BUNDLE_IDENTIFIER = com.kuronumastudios.Match;
				PRODUCT_NAME = "$(TARGET_NAME)";
				SWIFT_VERSION = 4.0;
				TARGETED_DEVICE_FAMILY = "1,2";
			};
			name = Debug;
		};
		83ED90401F6CA02B00EF58AC /* Release */ = {
			isa = XCBuildConfiguration;
			buildSettings = {
				ASSETCATALOG_COMPILER_APPICON_NAME = AppIcon;
				CODE_SIGN_STYLE = Automatic;
				DEVELOPMENT_TEAM = Q5VP47U88X;
				INFOPLIST_FILE = Match/Info.plist;
				LD_RUNPATH_SEARCH_PATHS = "$(inherited) @executable_path/Frameworks";
				PRODUCT_BUNDLE_IDENTIFIER = com.kuronumastudios.Match;
				PRODUCT_NAME = "$(TARGET_NAME)";
				SWIFT_VERSION = 4.0;
				TARGETED_DEVICE_FAMILY = "1,2";
			};
			name = Release;
		};
/* End XCBuildConfiguration section */

/* Begin XCConfigurationList section */
		83ED90271F6CA02B00EF58AC /* Build configuration list for PBXProject "Match" */ = {
			isa = XCConfigurationList;
			buildConfigurations = (
				83ED903C1F6CA02B00EF58AC /* Debug */,
				83ED903D1F6CA02B00EF58AC /* Release */,
			);
			defaultConfigurationIsVisible = 0;
			defaultConfigurationName = Release;
		};
		83ED903E1F6CA02B00EF58AC /* Build configuration list for PBXNativeTarget "Match" */ = {
			isa = XCConfigurationList;
			buildConfigurations = (
				83ED903F1F6CA02B00EF58AC /* Debug */,
				83ED90401F6CA02B00EF58AC /* Release */,
			);
			defaultConfigurationIsVisible = 0;
			defaultConfigurationName = Release;
		};
/* End XCConfigurationList section */
	};
	rootObject = 83ED90241F6CA02B00EF58AC /* Project object */;
}
